
Microsoft Visual Studio Solution File, Format Version 12.00
# Visual Studio 15
VisualStudioVersion = 15.0.27428.2011
MinimumVisualStudioVersion = 10.0.40219.1
Project("{FAE04EC0-301F-11D3-BF4B-00C04F79EFBC}") = "PhotoWall", "PhotoWall\PhotoWall.csproj", "{772CEFED-BFE9-4662-8B55-E7DEF5A9AB91}"
EndProject
Global
	GlobalSection(SolutionConfigurationPlatforms) = preSolution
		Debug|Any CPU = Debug|Any CPU
		Release|Any CPU = Release|Any CPU
	EndGlobalSection
	GlobalSection(ProjectConfigurationPlatforms) = postSolution
		{772CEFED-BFE9-4662-8B55-E7DEF5A9AB91}.Debug|Any CPU.ActiveCfg = Debug|Any CPU
		{772CEFED-BFE9-4662-8B55-E7DEF5A9AB91}.Debug|Any CPU.Build.0 = Debug|Any CPU
		{772CEFED-BFE9-4662-8B55-E7DEF5A9AB91}.Release|Any CPU.ActiveCfg = Release|Any CPU
		{772CEFED-BFE9-4662-8B55-E7DEF5A9AB91}.Release|Any CPU.Build.0 = Release|Any CPU
	EndGlobalSection
	GlobalSection(SolutionProperties) = preSolution
		HideSolutionNode = FALSE
	EndGlobalSection
	GlobalSection(ExtensibilityGlobals) = postSolution
		SolutionGuid = {2FCA4339-8198-4DF0-8BA8-32E2356DD4C1}
	EndGlobalSection
EndGlobal
